Microsoft Visual Studio Solution File, Format Version 12.00
# Visual Studio Version 17
VisualStudioVersion = 17.13.35828.75
MinimumVisualStudioVersion = 10.0.40219.1
Project("{FAE04EC0-301F-11D3-BF4B-00C04F79EFBC}") = "41-WinformChangeBackgroundColor", "41-WinformChangeBackgroundColor\41-WinformChangeBackgroundColor.csproj", "{C0DF81EC-145F-4021-9BD1-76E5FA2BD497}"
EndProject
Global
	GlobalSection(SolutionConfigurationPlatforms) = preSolution
		Debug|Any CPU = Debug|Any CPU
		Release|Any CPU = Release|Any CPU
	EndGlobalSection
	GlobalSection(ProjectConfigurationPlatforms) = postSolution
		{C0DF81EC-145F-4021-9BD1-76E5FA2BD497}.Debug|Any CPU.ActiveCfg = Debug|Any CPU
		{C0DF81EC-145F-4021-9BD1-76E5FA2BD497}.Debug|Any CPU.Build.0 = Debug|Any CPU
		{C0DF81EC-145F-4021-9BD1-76E5FA2BD497}.Release|Any CPU.ActiveCfg = Release|Any CPU
		{C0DF81EC-145F-4021-9BD1-76E5FA2BD497}.Release|Any CPU.Build.0 = Release|Any CPU
	EndGlobalSection
	GlobalSection(SolutionProperties) = preSolution
		HideSolutionNode = FALSE
	EndGlobalSection
	GlobalSection(ExtensibilityGlobals) = postSolution
		SolutionGuid = {50996926-9A6C-4A9F-9AD6-7D33A9CDF3A2}
	EndGlobalSection
EndGlobal
