Microsoft Visual Studio Solution File, Format Version 12.00
# Visual Studio Version 17
VisualStudioVersion = 17.13.35828.75
MinimumVisualStudioVersion = 10.0.40219.1
Project("{FAE04EC0-301F-11D3-BF4B-00C04F79EFBC}") = "29-WinformCheckBox", "29-WinformCheckBox\29-WinformCheckBox.csproj", "{EBEA13CD-C456-417D-A4E7-4EF5FE689719}"
EndProject
Global
	GlobalSection(SolutionConfigurationPlatforms) = preSolution
		Debug|Any CPU = Debug|Any CPU
		Release|Any CPU = Release|Any CPU
	EndGlobalSection
	GlobalSection(ProjectConfigurationPlatforms) = postSolution
		{EBEA13CD-C456-417D-A4E7-4EF5FE689719}.Debug|Any CPU.ActiveCfg = Debug|Any CPU
		{EBEA13CD-C456-417D-A4E7-4EF5FE689719}.Debug|Any CPU.Build.0 = Debug|Any CPU
		{EBEA13CD-C456-417D-A4E7-4EF5FE689719}.Release|Any CPU.ActiveCfg = Release|Any CPU
		{EBEA13CD-C456-417D-A4E7-4EF5FE689719}.Release|Any CPU.Build.0 = Release|Any CPU
	EndGlobalSection
	GlobalSection(SolutionProperties) = preSolution
		HideSolutionNode = FALSE
	EndGlobalSection
	GlobalSection(ExtensibilityGlobals) = postSolution
		SolutionGuid = {543B4919-897E-4C54-8EB7-441E84ABE3C1}
	EndGlobalSection
EndGlobal
