Microsoft Visual Studio Solution File, Format Version 12.00
# Visual Studio Version 17
VisualStudioVersion = 17.13.35828.75
MinimumVisualStudioVersion = 10.0.40219.1
Project("{FAE04EC0-301F-11D3-BF4B-00C04F79EFBC}") = "44-WinformMovingToObject", "44-WinformMovingToObject\44-WinformMovingToObject.csproj", "{44697545-BB68-44FF-B85B-E30562B890FC}"
EndProject
Global
	GlobalSection(SolutionConfigurationPlatforms) = preSolution
		Debug|Any CPU = Debug|Any CPU
		Release|Any CPU = Release|Any CPU
	EndGlobalSection
	GlobalSection(ProjectConfigurationPlatforms) = postSolution
		{44697545-BB68-44FF-B85B-E30562B890FC}.Debug|Any CPU.ActiveCfg = Debug|Any CPU
		{44697545-BB68-44FF-B85B-E30562B890FC}.Debug|Any CPU.Build.0 = Debug|Any CPU
		{44697545-BB68-44FF-B85B-E30562B890FC}.Release|Any CPU.ActiveCfg = Release|Any CPU
		{44697545-BB68-44FF-B85B-E30562B890FC}.Release|Any CPU.Build.0 = Release|Any CPU
	EndGlobalSection
	GlobalSection(SolutionProperties) = preSolution
		HideSolutionNode = FALSE
	EndGlobalSection
	GlobalSection(ExtensibilityGlobals) = postSolution
		SolutionGuid = {0625E05A-E074-4EE1-811C-4B8E95748312}
	EndGlobalSection
EndGlobal
