Microsoft Visual Studio Solution File, Format Version 12.00
# Visual Studio Version 17
VisualStudioVersion = 17.13.35828.75
MinimumVisualStudioVersion = 10.0.40219.1
Project("{FAE04EC0-301F-11D3-BF4B-00C04F79EFBC}") = "52-FolderAndFileOperations", "52-FolderAndFileOperations\52-FolderAndFileOperations.csproj", "{A195D18B-AD42-4582-A260-E1FD565A6C21}"
EndProject
Global
	GlobalSection(SolutionConfigurationPlatforms) = preSolution
		Debug|Any CPU = Debug|Any CPU
		Release|Any CPU = Release|Any CPU
	EndGlobalSection
	GlobalSection(ProjectConfigurationPlatforms) = postSolution
		{A195D18B-AD42-4582-A260-E1FD565A6C21}.Debug|Any CPU.ActiveCfg = Debug|Any CPU
		{A195D18B-AD42-4582-A260-E1FD565A6C21}.Debug|Any CPU.Build.0 = Debug|Any CPU
		{A195D18B-AD42-4582-A260-E1FD565A6C21}.Release|Any CPU.ActiveCfg = Release|Any CPU
		{A195D18B-AD42-4582-A260-E1FD565A6C21}.Release|Any CPU.Build.0 = Release|Any CPU
	EndGlobalSection
	GlobalSection(SolutionProperties) = preSolution
		HideSolutionNode = FALSE
	EndGlobalSection
	GlobalSection(ExtensibilityGlobals) = postSolution
		SolutionGuid = {7F1E9531-6B6A-42BF-8B78-CEFF46DD3F36}
	EndGlobalSection
EndGlobal
