Microsoft Visual Studio Solution File, Format Version 12.00
# Visual Studio Version 17
VisualStudioVersion = 17.13.35828.75
MinimumVisualStudioVersion = 10.0.40219.1
Project("{FAE04EC0-301F-11D3-BF4B-00C04F79EFBC}") = "33-WinformTransitionBetweenFormsandDataTransfer", "33-WinformTransitionBetweenFormsandDataTransfer\33-WinformTransitionBetweenFormsandDataTransfer.csproj", "{57F0CEB3-51A9-4DAB-A9EB-FFC3FC5D33A3}"
EndProject
Global
	GlobalSection(SolutionConfigurationPlatforms) = preSolution
		Debug|Any CPU = Debug|Any CPU
		Release|Any CPU = Release|Any CPU
	EndGlobalSection
	GlobalSection(ProjectConfigurationPlatforms) = postSolution
		{57F0CEB3-51A9-4DAB-A9EB-FFC3FC5D33A3}.Debug|Any CPU.ActiveCfg = Debug|Any CPU
		{57F0CEB3-51A9-4DAB-A9EB-FFC3FC5D33A3}.Debug|Any CPU.Build.0 = Debug|Any CPU
		{57F0CEB3-51A9-4DAB-A9EB-FFC3FC5D33A3}.Release|Any CPU.ActiveCfg = Release|Any CPU
		{57F0CEB3-51A9-4DAB-A9EB-FFC3FC5D33A3}.Release|Any CPU.Build.0 = Release|Any CPU
	EndGlobalSection
	GlobalSection(SolutionProperties) = preSolution
		HideSolutionNode = FALSE
	EndGlobalSection
	GlobalSection(ExtensibilityGlobals) = postSolution
		SolutionGuid = {B5DE18EF-7143-49DD-BB17-64A0C91EBC3E}
	EndGlobalSection
EndGlobal
