Microsoft Visual Studio Solution File, Format Version 12.00
# Visual Studio Version 17
VisualStudioVersion = 17.13.35828.75
MinimumVisualStudioVersion = 10.0.40219.1
Project("{FAE04EC0-301F-11D3-BF4B-00C04F79EFBC}") = "56-FolderAndFileOperations5", "56-FolderAndFileOperations5\56-FolderAndFileOperations5.csproj", "{3C635473-B0BF-4A3E-B3CF-59F93E7778B1}"
EndProject
Global
	GlobalSection(SolutionConfigurationPlatforms) = preSolution
		Debug|Any CPU = Debug|Any CPU
		Release|Any CPU = Release|Any CPU
	EndGlobalSection
	GlobalSection(ProjectConfigurationPlatforms) = postSolution
		{3C635473-B0BF-4A3E-B3CF-59F93E7778B1}.Debug|Any CPU.ActiveCfg = Debug|Any CPU
		{3C635473-B0BF-4A3E-B3CF-59F93E7778B1}.Debug|Any CPU.Build.0 = Debug|Any CPU
		{3C635473-B0BF-4A3E-B3CF-59F93E7778B1}.Release|Any CPU.ActiveCfg = Release|Any CPU
		{3C635473-B0BF-4A3E-B3CF-59F93E7778B1}.Release|Any CPU.Build.0 = Release|Any CPU
	EndGlobalSection
	GlobalSection(SolutionProperties) = preSolution
		HideSolutionNode = FALSE
	EndGlobalSection
	GlobalSection(ExtensibilityGlobals) = postSolution
		SolutionGuid = {1D06A8D2-477B-4787-A272-D9D8A59E141E}
	EndGlobalSection
EndGlobal
