Microsoft Visual Studio Solution File, Format Version 12.00
# Visual Studio Version 17
VisualStudioVersion = 17.13.35828.75
MinimumVisualStudioVersion = 10.0.40219.1
Project("{FAE04EC0-301F-11D3-BF4B-00C04F79EFBC}") = "WinFormEntry", "WinFormEntry\WinFormEntry.csproj", "{EE9840D9-0470-462C-A322-C1BAC22AA840}"
EndProject
Global
	GlobalSection(SolutionConfigurationPlatforms) = preSolution
		Debug|Any CPU = Debug|Any CPU
		Release|Any CPU = Release|Any CPU
	EndGlobalSection
	GlobalSection(ProjectConfigurationPlatforms) = postSolution
		{EE9840D9-0470-462C-A322-C1BAC22AA840}.Debug|Any CPU.ActiveCfg = Debug|Any CPU
		{EE9840D9-0470-462C-A322-C1BAC22AA840}.Debug|Any CPU.Build.0 = Debug|Any CPU
		{EE9840D9-0470-462C-A322-C1BAC22AA840}.Release|Any CPU.ActiveCfg = Release|Any CPU
		{EE9840D9-0470-462C-A322-C1BAC22AA840}.Release|Any CPU.Build.0 = Release|Any CPU
	EndGlobalSection
	GlobalSection(SolutionProperties) = preSolution
		HideSolutionNode = FALSE
	EndGlobalSection
	GlobalSection(ExtensibilityGlobals) = postSolution
		SolutionGuid = {CE5A6A27-BD8D-4B9B-884C-4C448EC40F6E}
	EndGlobalSection
EndGlobal
