Microsoft Visual Studio Solution File, Format Version 12.00
# Visual Studio Version 17
VisualStudioVersion = 17.13.35828.75
MinimumVisualStudioVersion = 10.0.40219.1
Project("{FAE04EC0-301F-11D3-BF4B-00C04F79EFBC}") = "58-FolderAndFileOperations7", "58-FolderAndFileOperations7\58-FolderAndFileOperations7.csproj", "{92C21549-9852-484A-8A2E-B30128B19791}"
EndProject
Global
	GlobalSection(SolutionConfigurationPlatforms) = preSolution
		Debug|Any CPU = Debug|Any CPU
		Release|Any CPU = Release|Any CPU
	EndGlobalSection
	GlobalSection(ProjectConfigurationPlatforms) = postSolution
		{92C21549-9852-484A-8A2E-B30128B19791}.Debug|Any CPU.ActiveCfg = Debug|Any CPU
		{92C21549-9852-484A-8A2E-B30128B19791}.Debug|Any CPU.Build.0 = Debug|Any CPU
		{92C21549-9852-484A-8A2E-B30128B19791}.Release|Any CPU.ActiveCfg = Release|Any CPU
		{92C21549-9852-484A-8A2E-B30128B19791}.Release|Any CPU.Build.0 = Release|Any CPU
	EndGlobalSection
	GlobalSection(SolutionProperties) = preSolution
		HideSolutionNode = FALSE
	EndGlobalSection
	GlobalSection(ExtensibilityGlobals) = postSolution
		SolutionGuid = {917B2BB7-C01D-4644-A646-2A60178CF5F4}
	EndGlobalSection
EndGlobal
