Microsoft Visual Studio Solution File, Format Version 12.00
# Visual Studio Version 17
VisualStudioVersion = 17.13.35828.75
MinimumVisualStudioVersion = 10.0.40219.1
Project("{FAE04EC0-301F-11D3-BF4B-00C04F79EFBC}") = "35-WinformAverage", "35-WinformAverage\35-WinformAverage.csproj", "{9B44F4EB-E45F-469A-AE7A-626510F33743}"
EndProject
Global
	GlobalSection(SolutionConfigurationPlatforms) = preSolution
		Debug|Any CPU = Debug|Any CPU
		Release|Any CPU = Release|Any CPU
	EndGlobalSection
	GlobalSection(ProjectConfigurationPlatforms) = postSolution
		{9B44F4EB-E45F-469A-AE7A-626510F33743}.Debug|Any CPU.ActiveCfg = Debug|Any CPU
		{9B44F4EB-E45F-469A-AE7A-626510F33743}.Debug|Any CPU.Build.0 = Debug|Any CPU
		{9B44F4EB-E45F-469A-AE7A-626510F33743}.Release|Any CPU.ActiveCfg = Release|Any CPU
		{9B44F4EB-E45F-469A-AE7A-626510F33743}.Release|Any CPU.Build.0 = Release|Any CPU
	EndGlobalSection
	GlobalSection(SolutionProperties) = preSolution
		HideSolutionNode = FALSE
	EndGlobalSection
	GlobalSection(ExtensibilityGlobals) = postSolution
		SolutionGuid = {3BC6B1AC-D95F-4FE4-B137-D7512E98F38B}
	EndGlobalSection
EndGlobal
