Microsoft Visual Studio Solution File, Format Version 12.00
# Visual Studio Version 17
VisualStudioVersion = 17.13.35828.75
MinimumVisualStudioVersion = 10.0.40219.1
Project("{FAE04EC0-301F-11D3-BF4B-00C04F79EFBC}") = "60-ErrorHandlingWithTryCatch1", "60-ErrorHandlingWithTryCatch1\60-ErrorHandlingWithTryCatch1.csproj", "{B6FB8DD8-7672-4DE8-98AF-C88D180727B7}"
EndProject
Global
	GlobalSection(SolutionConfigurationPlatforms) = preSolution
		Debug|Any CPU = Debug|Any CPU
		Release|Any CPU = Release|Any CPU
	EndGlobalSection
	GlobalSection(ProjectConfigurationPlatforms) = postSolution
		{B6FB8DD8-7672-4DE8-98AF-C88D180727B7}.Debug|Any CPU.ActiveCfg = Debug|Any CPU
		{B6FB8DD8-7672-4DE8-98AF-C88D180727B7}.Debug|Any CPU.Build.0 = Debug|Any CPU
		{B6FB8DD8-7672-4DE8-98AF-C88D180727B7}.Release|Any CPU.ActiveCfg = Release|Any CPU
		{B6FB8DD8-7672-4DE8-98AF-C88D180727B7}.Release|Any CPU.Build.0 = Release|Any CPU
	EndGlobalSection
	GlobalSection(SolutionProperties) = preSolution
		HideSolutionNode = FALSE
	EndGlobalSection
	GlobalSection(ExtensibilityGlobals) = postSolution
		SolutionGuid = {CDBA0F70-6821-4D7D-B2E9-BAC3914EDCEE}
	EndGlobalSection
EndGlobal
