Microsoft Visual Studio Solution File, Format Version 12.00
# Visual Studio Version 17
VisualStudioVersion = 17.13.35828.75
MinimumVisualStudioVersion = 10.0.40219.1
Project("{FAE04EC0-301F-11D3-BF4B-00C04F79EFBC}") = "theArtOfVariablePrinting", "theArtOfVariablePrinting\theArtOfVariablePrinting.csproj", "{B8F29006-8448-484C-B906-EDDA78F5A7AE}"
EndProject
Global
	GlobalSection(SolutionConfigurationPlatforms) = preSolution
		Debug|Any CPU = Debug|Any CPU
		Release|Any CPU = Release|Any CPU
	EndGlobalSection
	GlobalSection(ProjectConfigurationPlatforms) = postSolution
		{B8F29006-8448-484C-B906-EDDA78F5A7AE}.Debug|Any CPU.ActiveCfg = Debug|Any CPU
		{B8F29006-8448-484C-B906-EDDA78F5A7AE}.Debug|Any CPU.Build.0 = Debug|Any CPU
		{B8F29006-8448-484C-B906-EDDA78F5A7AE}.Release|Any CPU.ActiveCfg = Release|Any CPU
		{B8F29006-8448-484C-B906-EDDA78F5A7AE}.Release|Any CPU.Build.0 = Release|Any CPU
	EndGlobalSection
	GlobalSection(SolutionProperties) = preSolution
		HideSolutionNode = FALSE
	EndGlobalSection
	GlobalSection(ExtensibilityGlobals) = postSolution
		SolutionGuid = {4D454FB9-111C-4CBA-A64D-352B2ECE2CA6}
	EndGlobalSection
EndGlobal
