Microsoft Visual Studio Solution File, Format Version 12.00
# Visual Studio Version 17
VisualStudioVersion = 17.13.35828.75
MinimumVisualStudioVersion = 10.0.40219.1
Project("{FAE04EC0-301F-11D3-BF4B-00C04F79EFBC}") = "MathMethods", "MathMethods\MathMethods.csproj", "{5CB0C87F-EB05-4092-BB8A-9D7361002CA8}"
EndProject
Global
	GlobalSection(SolutionConfigurationPlatforms) = preSolution
		Debug|Any CPU = Debug|Any CPU
		Release|Any CPU = Release|Any CPU
	EndGlobalSection
	GlobalSection(ProjectConfigurationPlatforms) = postSolution
		{5CB0C87F-EB05-4092-BB8A-9D7361002CA8}.Debug|Any CPU.ActiveCfg = Debug|Any CPU
		{5CB0C87F-EB05-4092-BB8A-9D7361002CA8}.Debug|Any CPU.Build.0 = Debug|Any CPU
		{5CB0C87F-EB05-4092-BB8A-9D7361002CA8}.Release|Any CPU.ActiveCfg = Release|Any CPU
		{5CB0C87F-EB05-4092-BB8A-9D7361002CA8}.Release|Any CPU.Build.0 = Release|Any CPU
	EndGlobalSection
	GlobalSection(SolutionProperties) = preSolution
		HideSolutionNode = FALSE
	EndGlobalSection
	GlobalSection(ExtensibilityGlobals) = postSolution
		SolutionGuid = {8BFA91EC-18FB-49ED-BFB7-429B893A2FFF}
	EndGlobalSection
EndGlobal
